<?xml version="1.0" encoding="utf-8"?>
<Project ToolsVersion="4.0" xmlns="http://schemas.microsoft.com/developer/msbuild/2003">
  <ItemGroup>
    <Filter Include="Source Files">
      <UniqueIdentifier>{4FC737F1-C7A5-4376-A066-2A32D752A2FF}</UniqueIdentifier>
      <Extensions>cpp;c;cc;cxx;def;odl;idl;hpj;bat;asm;asmx</Extensions>
    </Filter>
    <Filter Include="Header Files">
      <UniqueIdentifier>{93995380-89BD-4b04-88EB-625FBE52EBFB}</UniqueIdentifier>
      <Extensions>h;hpp;hxx;hm;inl;inc;xsd</Extensions>
    </Filter>
  </ItemGroup>
  <ItemGroup>
    <ClCompile Include="..\..\..\ResumeCore\Adapters\BinomialPricer.cpp"><Filter>Source Files</Filter></ClCompile>
    <ClCompile Include="..\..\..\ResumeCore\Adapters\ExactPricer.cpp"><Filter>Source Files</Filter></ClCompile>
    <ClCompile Include="..\..\..\ResumeCore\Adapters\FDMPricer.cpp"><Filter>Source Files</Filter></ClCompile>
    <ClCompile Include="..\..\..\ResumeCore\Adapters\MCPricer.cpp"><Filter>Source Files</Filter></ClCompile>
    <ClCompile Include="..\..\..\ResumeCore\App\main.cpp"><Filter>Source Files</Filter></ClCompile>
    <ClCompile Include="..\..\..\ResumeCore\Experiments\ExperimentPack.cpp"><Filter>Source Files</Filter></ClCompile>
    <ClCompile Include="..\..\..\ResumeCore\Experiments\ExperimentRunner.cpp"><Filter>Source Files</Filter></ClCompile>
    <ClCompile Include="..\..\..\ResumeCore\Validation\ValidationHarness.cpp"><Filter>Source Files</Filter></ClCompile>
    <ClCompile Include="..\..\..\UtilitiesDJD\RNG\NormalGenerator.cpp"><Filter>Source Files</Filter></ClCompile>
    <ClCompile Include="..\..\..\VI.3\PlainOption\EuropeanOption.cpp"><Filter>Source Files</Filter></ClCompile>
    <ClCompile Include="..\..\..\VI.6\BinomialLatticeStrategy.cpp"><Filter>Source Files</Filter></ClCompile>
    <ClCompile Include="..\..\..\VI.6\BinomialMethod.cpp"><Filter>Source Files</Filter></ClCompile>
  </ItemGroup>
  <ItemGroup>
    <ClInclude Include="..\..\..\ResumeCore\Adapters\BinomialPricer.hpp"><Filter>Header Files</Filter></ClInclude>
    <ClInclude Include="..\..\..\ResumeCore\Adapters\ExactPricer.hpp"><Filter>Header Files</Filter></ClInclude>
    <ClInclude Include="..\..\..\ResumeCore\Adapters\FDMPricer.hpp"><Filter>Header Files</Filter></ClInclude>
    <ClInclude Include="..\..\..\ResumeCore\Adapters\MCPricer.hpp"><Filter>Header Files</Filter></ClInclude>
    <ClInclude Include="..\..\..\ResumeCore\Common\BenchmarkCase.hpp"><Filter>Header Files</Filter></ClInclude>
    <ClInclude Include="..\..\..\ResumeCore\Common\BenchmarkRow.hpp"><Filter>Header Files</Filter></ClInclude>
    <ClInclude Include="..\..\..\ResumeCore\Common\MethodConfig.hpp"><Filter>Header Files</Filter></ClInclude>
    <ClInclude Include="..\..\..\ResumeCore\Common\PricingResult.hpp"><Filter>Header Files</Filter></ClInclude>
    <ClInclude Include="..\..\..\ResumeCore\Common\VanillaOptionSpec.hpp"><Filter>Header Files</Filter></ClInclude>
    <ClInclude Include="..\..\..\ResumeCore\Experiments\ExperimentPack.hpp"><Filter>Header Files</Filter></ClInclude>
    <ClInclude Include="..\..\..\ResumeCore\Experiments\ExperimentRunner.hpp"><Filter>Header Files</Filter></ClInclude>
    <ClInclude Include="..\..\..\ResumeCore\Validation\ValidationHarness.hpp"><Filter>Header Files</Filter></ClInclude>
    <ClInclude Include="..\..\..\UtilitiesDJD\RNG\NormalGenerator.hpp"><Filter>Header Files</Filter></ClInclude>
    <ClInclude Include="..\..\..\VI.3\PlainOption\EuropeanOption.hpp"><Filter>Header Files</Filter></ClInclude>
    <ClInclude Include="..\..\..\VI.4\OptionData.hpp"><Filter>Header Files</Filter></ClInclude>
    <ClInclude Include="..\..\..\VI.5\FDM.hpp"><Filter>Header Files</Filter></ClInclude>
    <ClInclude Include="..\..\..\VI.5\FDMDirector.hpp"><Filter>Header Files</Filter></ClInclude>
    <ClInclude Include="..\..\..\VI.5\Mesher.hpp"><Filter>Header Files</Filter></ClInclude>
    <ClInclude Include="..\..\..\VI.5\ParabolicPDE.hpp"><Filter>Header Files</Filter></ClInclude>
    <ClInclude Include="..\..\..\VI.6\BinomialLatticeStrategy.hpp"><Filter>Header Files</Filter></ClInclude>
    <ClInclude Include="..\..\..\VI.6\BinomialMethod.hpp"><Filter>Header Files</Filter></ClInclude>
    <ClInclude Include="..\..\..\VI.6\lattice.hpp"><Filter>Header Files</Filter></ClInclude>
    <ClInclude Include="..\..\..\VI.6\Option.hpp"><Filter>Header Files</Filter></ClInclude>
  </ItemGroup>
</Project>
